
Microsoft Visual Studio Solution File, Format Version 12.00
# Visual Studio Version 17
VisualStudioVersion = 17.2.32519.379
MinimumVisualStudioVersion = 10.0.40219.1
Project("{FAE04EC0-301F-11D3-BF4B-00C04F79EFBC}") = "HW_4", "HW_4\HW_4.csproj", "{1F832A58-1714-4DCB-A81C-563B90821FA5}"
EndProject
Global
	GlobalSection(SolutionConfigurationPlatforms) = preSolution
		Debug|Any CPU = Debug|Any CPU
		Release|Any CPU = Release|Any CPU
	EndGlobalSection
	GlobalSection(ProjectConfigurationPlatforms) = postSolution
		{1F832A58-1714-4DCB-A81C-563B90821FA5}.Debug|Any CPU.ActiveCfg = Debug|Any CPU
		{1F832A58-1714-4DCB-A81C-563B90821FA5}.Debug|Any CPU.Build.0 = Debug|Any CPU
		{1F832A58-1714-4DCB-A81C-563B90821FA5}.Release|Any CPU.ActiveCfg = Release|Any CPU
		{1F832A58-1714-4DCB-A81C-563B90821FA5}.Release|Any CPU.Build.0 = Release|Any CPU
	EndGlobalSection
	GlobalSection(SolutionProperties) = preSolution
		HideSolutionNode = FALSE
	EndGlobalSection
	GlobalSection(ExtensibilityGlobals) = postSolution
		SolutionGuid = {98952A45-CEEE-4804-8D33-2E1273AB0AD9}
	EndGlobalSection
EndGlobal
